
Microsoft Visual Studio Solution File, Format Version 12.00
# Visual Studio Version 16
VisualStudioVersion = 16.0.29827.131
MinimumVisualStudioVersion = 10.0.40219.1
Project("{9A19103F-16F7-4668-BE54-9A1E7A4F7556}") = "Enumify.Net", "Enumify.Net\Enumify.Net.csproj", "{45838CB1-5AC3-4B2D-917C-43585AD3AF7A}"
EndProject
Project("{9A19103F-16F7-4668-BE54-9A1E7A4F7556}") = "Enumify.Net.Test", "Enumify.Net.Test\Enumify.Net.Test.csproj", "{3743046A-1D8E-425C-9973-D78756C5C25F}"
EndProject
Project("{FAE04EC0-301F-11D3-BF4B-00C04F79EFBC}") = "Enumify.Net.Benchmark.Test", "Enumify.Net.Benchmark.Test\Enumify.Net.Benchmark.Test.csproj", "{82F21081-2866-4020-8B1F-DC7879EAD5B9}"
EndProject
Global
	GlobalSection(SolutionConfigurationPlatforms) = preSolution
		Debug|Any CPU = Debug|Any CPU
		Release|Any CPU = Release|Any CPU
	EndGlobalSection
	GlobalSection(ProjectConfigurationPlatforms) = postSolution
		{45838CB1-5AC3-4B2D-917C-43585AD3AF7A}.Debug|Any CPU.ActiveCfg = Debug|Any CPU
		{45838CB1-5AC3-4B2D-917C-43585AD3AF7A}.Debug|Any CPU.Build.0 = Debug|Any CPU
		{45838CB1-5AC3-4B2D-917C-43585AD3AF7A}.Release|Any CPU.ActiveCfg = Release|Any CPU
		{45838CB1-5AC3-4B2D-917C-43585AD3AF7A}.Release|Any CPU.Build.0 = Release|Any CPU
		{3743046A-1D8E-425C-9973-D78756C5C25F}.Debug|Any CPU.ActiveCfg = Debug|Any CPU
		{3743046A-1D8E-425C-9973-D78756C5C25F}.Debug|Any CPU.Build.0 = Debug|Any CPU
		{3743046A-1D8E-425C-9973-D78756C5C25F}.Release|Any CPU.ActiveCfg = Release|Any CPU
		{3743046A-1D8E-425C-9973-D78756C5C25F}.Release|Any CPU.Build.0 = Release|Any CPU
		{82F21081-2866-4020-8B1F-DC7879EAD5B9}.Debug|Any CPU.ActiveCfg = Debug|Any CPU
		{82F21081-2866-4020-8B1F-DC7879EAD5B9}.Debug|Any CPU.Build.0 = Debug|Any CPU
		{82F21081-2866-4020-8B1F-DC7879EAD5B9}.Release|Any CPU.ActiveCfg = Release|Any CPU
		{82F21081-2866-4020-8B1F-DC7879EAD5B9}.Release|Any CPU.Build.0 = Release|Any CPU
	EndGlobalSection
	GlobalSection(SolutionProperties) = preSolution
		HideSolutionNode = FALSE
	EndGlobalSection
	GlobalSection(ExtensibilityGlobals) = postSolution
		SolutionGuid = {79EE076D-62D6-40BB-87E6-A683D9400F69}
	EndGlobalSection
EndGlobal
